
Microsoft Visual Studio Solution File, Format Version 12.00
# Visual Studio 15
VisualStudioVersion = 15.0.28010.2019
MinimumVisualStudioVersion = 10.0.40219.1
Project("{2150E333-8FDC-42A3-9474-1A3956D46DE8}") = "Mail", "Mail", "{D9E7FCC4-C85A-4509-98DF-C0C9F80F203F}"
EndProject
Project("{9A19103F-16F7-4668-BE54-9A1E7A4F7556}") = "DocSasCorp.Mail", "Mail\DocSasCorp.Mail\DocSasCorp.Mail.csproj", "{A70A6CF5-0E65-47FD-AA01-0CEC19C52ED2}"
EndProject
Project("{9A19103F-16F7-4668-BE54-9A1E7A4F7556}") = "DocSasCorp.Mail.Exchange", "Mail\DocSasCorp.Mail.Exchange\DocSasCorp.Mail.Exchange.csproj", "{6125CB18-6D35-4FE8-A498-9AF7A9D50A0F}"
EndProject
Project("{9A19103F-16F7-4668-BE54-9A1E7A4F7556}") = "DocSasCorp.Mail.Smtp", "Mail\DocSasCorp.Mail.Smtp\DocSasCorp.Mail.Smtp.csproj", "{55D19D63-CC1D-45AD-89FC-B41146F08C41}"
EndProject
Project("{9A19103F-16F7-4668-BE54-9A1E7A4F7556}") = "DocSasCorp.Mail.Gmail", "Mail\DocSasCorp.Mail.Gmail\DocSasCorp.Mail.Gmail.csproj", "{CBAB4E0A-B7C8-46EA-A9DD-A7A359E2365D}"
EndProject
Project("{9A19103F-16F7-4668-BE54-9A1E7A4F7556}") = "DocSasCorp.Mail.Office365Outlook", "Mail\DocSasCorp.Mail.Office365Outlook\DocSasCorp.Mail.Office365Outlook.csproj", "{46B5118B-A37C-4636-9C9A-13E96AB2E1D9}"
EndProject
Project("{2150E333-8FDC-42A3-9474-1A3956D46DE8}") = "Core", "Core", "{57505CB0-EC16-4DB7-ACAF-2DC34918984A}"
EndProject
Project("{FAE04EC0-301F-11D3-BF4B-00C04F79EFBC}") = "DocSasCorp.Core", "Core\DocSasCorp.Core\DocSasCorp.Core.csproj", "{D6BEDB6B-C41A-4F09-BE55-7717C989AEBB}"
EndProject
Project("{FAE04EC0-301F-11D3-BF4B-00C04F79EFBC}") = "DocSasCorp.Mail.SendGrid", "DocSasCorp.Mail.SendGrid\DocSasCorp.Mail.SendGrid.csproj", "{DB6D1953-93A1-4F5A-BD5B-066224FC5180}"
EndProject
Global
	GlobalSection(SolutionConfigurationPlatforms) = preSolution
		Debug|Any CPU = Debug|Any CPU
		Release|Any CPU = Release|Any CPU
	EndGlobalSection
	GlobalSection(ProjectConfigurationPlatforms) = postSolution
		{A70A6CF5-0E65-47FD-AA01-0CEC19C52ED2}.Debug|Any CPU.ActiveCfg = Debug|Any CPU
		{A70A6CF5-0E65-47FD-AA01-0CEC19C52ED2}.Debug|Any CPU.Build.0 = Debug|Any CPU
		{A70A6CF5-0E65-47FD-AA01-0CEC19C52ED2}.Release|Any CPU.ActiveCfg = Release|Any CPU
		{A70A6CF5-0E65-47FD-AA01-0CEC19C52ED2}.Release|Any CPU.Build.0 = Release|Any CPU
		{6125CB18-6D35-4FE8-A498-9AF7A9D50A0F}.Debug|Any CPU.ActiveCfg = Debug|Any CPU
		{6125CB18-6D35-4FE8-A498-9AF7A9D50A0F}.Debug|Any CPU.Build.0 = Debug|Any CPU
		{6125CB18-6D35-4FE8-A498-9AF7A9D50A0F}.Release|Any CPU.ActiveCfg = Release|Any CPU
		{6125CB18-6D35-4FE8-A498-9AF7A9D50A0F}.Release|Any CPU.Build.0 = Release|Any CPU
		{55D19D63-CC1D-45AD-89FC-B41146F08C41}.Debug|Any CPU.ActiveCfg = Debug|Any CPU
		{55D19D63-CC1D-45AD-89FC-B41146F08C41}.Debug|Any CPU.Build.0 = Debug|Any CPU
		{55D19D63-CC1D-45AD-89FC-B41146F08C41}.Release|Any CPU.ActiveCfg = Release|Any CPU
		{55D19D63-CC1D-45AD-89FC-B41146F08C41}.Release|Any CPU.Build.0 = Release|Any CPU
		{CBAB4E0A-B7C8-46EA-A9DD-A7A359E2365D}.Debug|Any CPU.ActiveCfg = Debug|Any CPU
		{CBAB4E0A-B7C8-46EA-A9DD-A7A359E2365D}.Debug|Any CPU.Build.0 = Debug|Any CPU
		{CBAB4E0A-B7C8-46EA-A9DD-A7A359E2365D}.Release|Any CPU.ActiveCfg = Release|Any CPU
		{CBAB4E0A-B7C8-46EA-A9DD-A7A359E2365D}.Release|Any CPU.Build.0 = Release|Any CPU
		{46B5118B-A37C-4636-9C9A-13E96AB2E1D9}.Debug|Any CPU.ActiveCfg = Debug|Any CPU
		{46B5118B-A37C-4636-9C9A-13E96AB2E1D9}.Debug|Any CPU.Build.0 = Debug|Any CPU
		{46B5118B-A37C-4636-9C9A-13E96AB2E1D9}.Release|Any CPU.ActiveCfg = Release|Any CPU
		{46B5118B-A37C-4636-9C9A-13E96AB2E1D9}.Release|Any CPU.Build.0 = Release|Any CPU
		{D6BEDB6B-C41A-4F09-BE55-7717C989AEBB}.Debug|Any CPU.ActiveCfg = Debug|Any CPU
		{D6BEDB6B-C41A-4F09-BE55-7717C989AEBB}.Debug|Any CPU.Build.0 = Debug|Any CPU
		{D6BEDB6B-C41A-4F09-BE55-7717C989AEBB}.Release|Any CPU.ActiveCfg = Release|Any CPU
		{D6BEDB6B-C41A-4F09-BE55-7717C989AEBB}.Release|Any CPU.Build.0 = Release|Any CPU
		{DB6D1953-93A1-4F5A-BD5B-066224FC5180}.Debug|Any CPU.ActiveCfg = Debug|Any CPU
		{DB6D1953-93A1-4F5A-BD5B-066224FC5180}.Debug|Any CPU.Build.0 = Debug|Any CPU
		{DB6D1953-93A1-4F5A-BD5B-066224FC5180}.Release|Any CPU.ActiveCfg = Release|Any CPU
		{DB6D1953-93A1-4F5A-BD5B-066224FC5180}.Release|Any CPU.Build.0 = Release|Any CPU
	EndGlobalSection
	GlobalSection(SolutionProperties) = preSolution
		HideSolutionNode = FALSE
	EndGlobalSection
	GlobalSection(NestedProjects) = preSolution
		{A70A6CF5-0E65-47FD-AA01-0CEC19C52ED2} = {D9E7FCC4-C85A-4509-98DF-C0C9F80F203F}
		{6125CB18-6D35-4FE8-A498-9AF7A9D50A0F} = {D9E7FCC4-C85A-4509-98DF-C0C9F80F203F}
		{55D19D63-CC1D-45AD-89FC-B41146F08C41} = {D9E7FCC4-C85A-4509-98DF-C0C9F80F203F}
		{CBAB4E0A-B7C8-46EA-A9DD-A7A359E2365D} = {D9E7FCC4-C85A-4509-98DF-C0C9F80F203F}
		{46B5118B-A37C-4636-9C9A-13E96AB2E1D9} = {D9E7FCC4-C85A-4509-98DF-C0C9F80F203F}
		{D6BEDB6B-C41A-4F09-BE55-7717C989AEBB} = {57505CB0-EC16-4DB7-ACAF-2DC34918984A}
		{DB6D1953-93A1-4F5A-BD5B-066224FC5180} = {D9E7FCC4-C85A-4509-98DF-C0C9F80F203F}
	EndGlobalSection
	GlobalSection(ExtensibilityGlobals) = postSolution
		SolutionGuid = {1511D909-03C8-4129-9127-9D4B46A96101}
	EndGlobalSection
EndGlobal
